
Microsoft Visual Studio Solution File, Format Version 12.00
# Visual Studio 15
VisualStudioVersion = 15.0.28307.136
MinimumVisualStudioVersion = 10.0.40219.1
Project("{FAE04EC0-301F-11D3-BF4B-00C04F79EFBC}") = "TicketsLogger", "TicketsLogger\TicketsLogger.csproj", "{6CF6800B-22B8-4AC4-8160-4081546E44F4}"
EndProject
Project("{54435603-DBB4-11D2-8724-00A0C9A8B90C}") = "TicketLoggerSetUp", "TicketLoggerSetUp\TicketLoggerSetUp.vdproj", "{3073D23D-A76E-41E5-8EAB-A6AAE269604E}"
EndProject
Global
	GlobalSection(SolutionConfigurationPlatforms) = preSolution
		Debug|Any CPU = Debug|Any CPU
		Release|Any CPU = Release|Any CPU
	EndGlobalSection
	GlobalSection(ProjectConfigurationPlatforms) = postSolution
		{6CF6800B-22B8-4AC4-8160-4081546E44F4}.Debug|Any CPU.ActiveCfg = Debug|Any CPU
		{6CF6800B-22B8-4AC4-8160-4081546E44F4}.Debug|Any CPU.Build.0 = Debug|Any CPU
		{6CF6800B-22B8-4AC4-8160-4081546E44F4}.Release|Any CPU.ActiveCfg = Release|Any CPU
		{6CF6800B-22B8-4AC4-8160-4081546E44F4}.Release|Any CPU.Build.0 = Release|Any CPU
		{3073D23D-A76E-41E5-8EAB-A6AAE269604E}.Debug|Any CPU.ActiveCfg = Debug
		{3073D23D-A76E-41E5-8EAB-A6AAE269604E}.Release|Any CPU.ActiveCfg = Release
	EndGlobalSection
	GlobalSection(SolutionProperties) = preSolution
		HideSolutionNode = FALSE
	EndGlobalSection
	GlobalSection(ExtensibilityGlobals) = postSolution
		SolutionGuid = {9099F9C5-1B4D-42FF-B959-7ABD65261F55}
	EndGlobalSection
EndGlobal
